
Microsoft Visual Studio Solution File, Format Version 12.00
# Visual Studio Version 16
VisualStudioVersion = 16.0.30011.22
MinimumVisualStudioVersion = 10.0.40219.1
Project("{9A19103F-16F7-4668-BE54-9A1E7A4F7556}") = "AccountService", "S:\visual studio\EcommerceSellerProject-Batch4AA\ECommerceSellerProject-batch4AA\AccountService\AccountService.csproj", "{AF0EBC20-B7B4-479E-A795-90D1E596C9D7}"
EndProject
Project("{9A19103F-16F7-4668-BE54-9A1E7A4F7556}") = "SellerService", "S:\visual studio\EcommerceSellerProject-Batch4AA\ECommerceSellerProject-batch4AA\SellerService\SellerService.csproj", "{77E7F330-7048-44CA-967C-3B041EE452A6}"
EndProject
Project("{9A19103F-16F7-4668-BE54-9A1E7A4F7556}") = "ItemService", "S:\visual studio\EcommerceSellerProject-Batch4AA\ECommerceSellerProject-batch4AA\ItemService\ItemService.csproj", "{773C32B6-A817-4AA4-8844-10FF5DD0581D}"
EndProject
Project("{9A19103F-16F7-4668-BE54-9A1E7A4F7556}") = "TestSellerService", "TestSellerService\TestSellerService.csproj", "{A1D8E6BA-5A6A-4FBE-A3AA-A0C31D4439F6}"
EndProject
Project("{9A19103F-16F7-4668-BE54-9A1E7A4F7556}") = "TestAccountService", "TestAccountService\TestAccountService.csproj", "{E58CAC5A-71D6-4994-ABCB-D00891BFD066}"
EndProject
Project("{9A19103F-16F7-4668-BE54-9A1E7A4F7556}") = "Gateway", "S:\visual studio\EcommerceSellerProject-Batch4AA\ECommerceSellerProject-batch4AA\Gateway\Gateway.csproj", "{8A163F65-B6F5-4EA5-B1C0-318A8E693BAD}"
EndProject
Project("{FAE04EC0-301F-11D3-BF4B-00C04F79EFBC}") = "TestItemService", "TestItemService\TestItemService.csproj", "{C54BB0D1-C245-438D-9C50-9A7A6D63E40D}"
EndProject
Global
	GlobalSection(SolutionConfigurationPlatforms) = preSolution
		Debug|Any CPU = Debug|Any CPU
		Release|Any CPU = Release|Any CPU
	EndGlobalSection
	GlobalSection(ProjectConfigurationPlatforms) = postSolution
		{AF0EBC20-B7B4-479E-A795-90D1E596C9D7}.Debug|Any CPU.ActiveCfg = Debug|Any CPU
		{AF0EBC20-B7B4-479E-A795-90D1E596C9D7}.Debug|Any CPU.Build.0 = Debug|Any CPU
		{AF0EBC20-B7B4-479E-A795-90D1E596C9D7}.Release|Any CPU.ActiveCfg = Release|Any CPU
		{AF0EBC20-B7B4-479E-A795-90D1E596C9D7}.Release|Any CPU.Build.0 = Release|Any CPU
		{77E7F330-7048-44CA-967C-3B041EE452A6}.Debug|Any CPU.ActiveCfg = Debug|Any CPU
		{77E7F330-7048-44CA-967C-3B041EE452A6}.Debug|Any CPU.Build.0 = Debug|Any CPU
		{77E7F330-7048-44CA-967C-3B041EE452A6}.Release|Any CPU.ActiveCfg = Release|Any CPU
		{77E7F330-7048-44CA-967C-3B041EE452A6}.Release|Any CPU.Build.0 = Release|Any CPU
		{773C32B6-A817-4AA4-8844-10FF5DD0581D}.Debug|Any CPU.ActiveCfg = Debug|Any CPU
		{773C32B6-A817-4AA4-8844-10FF5DD0581D}.Debug|Any CPU.Build.0 = Debug|Any CPU
		{773C32B6-A817-4AA4-8844-10FF5DD0581D}.Release|Any CPU.ActiveCfg = Release|Any CPU
		{773C32B6-A817-4AA4-8844-10FF5DD0581D}.Release|Any CPU.Build.0 = Release|Any CPU
		{A1D8E6BA-5A6A-4FBE-A3AA-A0C31D4439F6}.Debug|Any CPU.ActiveCfg = Debug|Any CPU
		{A1D8E6BA-5A6A-4FBE-A3AA-A0C31D4439F6}.Debug|Any CPU.Build.0 = Debug|Any CPU
		{A1D8E6BA-5A6A-4FBE-A3AA-A0C31D4439F6}.Release|Any CPU.ActiveCfg = Release|Any CPU
		{A1D8E6BA-5A6A-4FBE-A3AA-A0C31D4439F6}.Release|Any CPU.Build.0 = Release|Any CPU
		{E58CAC5A-71D6-4994-ABCB-D00891BFD066}.Debug|Any CPU.ActiveCfg = Debug|Any CPU
		{E58CAC5A-71D6-4994-ABCB-D00891BFD066}.Debug|Any CPU.Build.0 = Debug|Any CPU
		{E58CAC5A-71D6-4994-ABCB-D00891BFD066}.Release|Any CPU.ActiveCfg = Release|Any CPU
		{E58CAC5A-71D6-4994-ABCB-D00891BFD066}.Release|Any CPU.Build.0 = Release|Any CPU
		{8A163F65-B6F5-4EA5-B1C0-318A8E693BAD}.Debug|Any CPU.ActiveCfg = Debug|Any CPU
		{8A163F65-B6F5-4EA5-B1C0-318A8E693BAD}.Debug|Any CPU.Build.0 = Debug|Any CPU
		{8A163F65-B6F5-4EA5-B1C0-318A8E693BAD}.Release|Any CPU.ActiveCfg = Release|Any CPU
		{8A163F65-B6F5-4EA5-B1C0-318A8E693BAD}.Release|Any CPU.Build.0 = Release|Any CPU
		{C54BB0D1-C245-438D-9C50-9A7A6D63E40D}.Debug|Any CPU.ActiveCfg = Debug|Any CPU
		{C54BB0D1-C245-438D-9C50-9A7A6D63E40D}.Debug|Any CPU.Build.0 = Debug|Any CPU
		{C54BB0D1-C245-438D-9C50-9A7A6D63E40D}.Release|Any CPU.ActiveCfg = Release|Any CPU
		{C54BB0D1-C245-438D-9C50-9A7A6D63E40D}.Release|Any CPU.Build.0 = Release|Any CPU
	EndGlobalSection
	GlobalSection(SolutionProperties) = preSolution
		HideSolutionNode = FALSE
	EndGlobalSection
	GlobalSection(ExtensibilityGlobals) = postSolution
		SolutionGuid = {A8CFDC70-0792-4BA8-A58F-34B0C8F4C316}
	EndGlobalSection
EndGlobal
